
Microsoft Visual Studio Solution File, Format Version 11.00
# Visual Studio 2010
Project("{8BC9CEB8-8B4A-11D0-8D11-00A0C91BC942}") = "sbrank_client", "sbrank_client.vcxproj", "{7BC9FDDA-9D1D-4961-9D91-4C82BD4B8785}"
EndProject
Global
	GlobalSection(SolutionConfigurationPlatforms) = preSolution
		Debug|Win32 = Debug|Win32
		Release|Win32 = Release|Win32
	EndGlobalSection
	GlobalSection(ProjectConfigurationPlatforms) = postSolution
		{7BC9FDDA-9D1D-4961-9D91-4C82BD4B8785}.Debug|Win32.ActiveCfg = Debug|Win32
		{7BC9FDDA-9D1D-4961-9D91-4C82BD4B8785}.Debug|Win32.Build.0 = Debug|Win32
		{7BC9FDDA-9D1D-4961-9D91-4C82BD4B8785}.Release|Win32.ActiveCfg = Release|Win32
		{7BC9FDDA-9D1D-4961-9D91-4C82BD4B8785}.Release|Win32.Build.0 = Release|Win32
	EndGlobalSection
	GlobalSection(SolutionProperties) = preSolution
		HideSolutionNode = FALSE
	EndGlobalSection
EndGlobal
